
Microsoft Visual Studio Solution File, Format Version 12.00
# Visual Studio Version 16
VisualStudioVersion = 16.0.30330.147
MinimumVisualStudioVersion = 10.0.40219.1
Project("{FAE04EC0-301F-11D3-BF4B-00C04F79EFBC}") = "ApiSeccureStudent", "ApiSeccureStudent\ApiSeccureStudent.csproj", "{A3B5E0EE-4D03-49B2-A3BD-747C7AE89D43}"
EndProject
Project("{FAE04EC0-301F-11D3-BF4B-00C04F79EFBC}") = "admStudentSecurity", "admStudentSecurity\admStudentSecurity.csproj", "{EFFA0D7F-6884-4E80-BDDB-2773E4EBEE3E}"
EndProject
Project("{FAE04EC0-301F-11D3-BF4B-00C04F79EFBC}") = "UtEstudianteSeguro.Test", "UtEstudianteSeguro.Test\UtEstudianteSeguro.Test.csproj", "{49AAB559-C6ED-4213-8348-53341E42CD5A}"
EndProject
Global
	GlobalSection(SolutionConfigurationPlatforms) = preSolution
		Debug|Any CPU = Debug|Any CPU
		Release|Any CPU = Release|Any CPU
	EndGlobalSection
	GlobalSection(ProjectConfigurationPlatforms) = postSolution
		{A3B5E0EE-4D03-49B2-A3BD-747C7AE89D43}.Debug|Any CPU.ActiveCfg = Debug|Any CPU
		{A3B5E0EE-4D03-49B2-A3BD-747C7AE89D43}.Debug|Any CPU.Build.0 = Debug|Any CPU
		{A3B5E0EE-4D03-49B2-A3BD-747C7AE89D43}.Release|Any CPU.ActiveCfg = Release|Any CPU
		{A3B5E0EE-4D03-49B2-A3BD-747C7AE89D43}.Release|Any CPU.Build.0 = Release|Any CPU
		{EFFA0D7F-6884-4E80-BDDB-2773E4EBEE3E}.Debug|Any CPU.ActiveCfg = Debug|Any CPU
		{EFFA0D7F-6884-4E80-BDDB-2773E4EBEE3E}.Debug|Any CPU.Build.0 = Debug|Any CPU
		{EFFA0D7F-6884-4E80-BDDB-2773E4EBEE3E}.Release|Any CPU.ActiveCfg = Release|Any CPU
		{EFFA0D7F-6884-4E80-BDDB-2773E4EBEE3E}.Release|Any CPU.Build.0 = Release|Any CPU
		{49AAB559-C6ED-4213-8348-53341E42CD5A}.Debug|Any CPU.ActiveCfg = Debug|Any CPU
		{49AAB559-C6ED-4213-8348-53341E42CD5A}.Debug|Any CPU.Build.0 = Debug|Any CPU
		{49AAB559-C6ED-4213-8348-53341E42CD5A}.Release|Any CPU.ActiveCfg = Release|Any CPU
		{49AAB559-C6ED-4213-8348-53341E42CD5A}.Release|Any CPU.Build.0 = Release|Any CPU
	EndGlobalSection
	GlobalSection(SolutionProperties) = preSolution
		HideSolutionNode = FALSE
	EndGlobalSection
	GlobalSection(ExtensibilityGlobals) = postSolution
		SolutionGuid = {FC748AD2-D98D-49F1-B32F-070EE15E8FBD}
	EndGlobalSection
EndGlobal
